
Microsoft Visual Studio Solution File, Format Version 12.00
# Visual Studio Version 17
VisualStudioVersion = 17.3.32811.315
MinimumVisualStudioVersion = 10.0.40219.1
Project("{FAE04EC0-301F-11D3-BF4B-00C04F79EFBC}") = "Stopwatch", "Stopwatch.csproj", "{0D5DA46E-04F3-4B45-B597-44ACAFD36991}"
EndProject
Global
	GlobalSection(SolutionConfigurationPlatforms) = preSolution
		Debug|Any CPU = Debug|Any CPU
		Release|Any CPU = Release|Any CPU
	EndGlobalSection
	GlobalSection(ProjectConfigurationPlatforms) = postSolution
		{0D5DA46E-04F3-4B45-B597-44ACAFD36991}.Debug|Any CPU.ActiveCfg = Debug|Any CPU
		{0D5DA46E-04F3-4B45-B597-44ACAFD36991}.Debug|Any CPU.Build.0 = Debug|Any CPU
		{0D5DA46E-04F3-4B45-B597-44ACAFD36991}.Release|Any CPU.ActiveCfg = Release|Any CPU
		{0D5DA46E-04F3-4B45-B597-44ACAFD36991}.Release|Any CPU.Build.0 = Release|Any CPU
	EndGlobalSection
	GlobalSection(SolutionProperties) = preSolution
		HideSolutionNode = FALSE
	EndGlobalSection
	GlobalSection(ExtensibilityGlobals) = postSolution
		SolutionGuid = {E6EBC995-5AEA-42DC-B115-0C44292BF298}
	EndGlobalSection
EndGlobal
