
Microsoft Visual Studio Solution File, Format Version 12.00
# Visual Studio Version 17
VisualStudioVersion = 17.3.32811.315
MinimumVisualStudioVersion = 10.0.40219.1
Project("{FAE04EC0-301F-11D3-BF4B-00C04F79EFBC}") = "StringProgram", "StringProgram.csproj", "{31662C3B-0D41-4804-838B-CC91229AB2DA}"
EndProject
Global
	GlobalSection(SolutionConfigurationPlatforms) = preSolution
		Debug|Any CPU = Debug|Any CPU
		Release|Any CPU = Release|Any CPU
	EndGlobalSection
	GlobalSection(ProjectConfigurationPlatforms) = postSolution
		{31662C3B-0D41-4804-838B-CC91229AB2DA}.Debug|Any CPU.ActiveCfg = Debug|Any CPU
		{31662C3B-0D41-4804-838B-CC91229AB2DA}.Debug|Any CPU.Build.0 = Debug|Any CPU
		{31662C3B-0D41-4804-838B-CC91229AB2DA}.Release|Any CPU.ActiveCfg = Release|Any CPU
		{31662C3B-0D41-4804-838B-CC91229AB2DA}.Release|Any CPU.Build.0 = Release|Any CPU
	EndGlobalSection
	GlobalSection(SolutionProperties) = preSolution
		HideSolutionNode = FALSE
	EndGlobalSection
	GlobalSection(ExtensibilityGlobals) = postSolution
		SolutionGuid = {007E7C4A-9A57-4901-B16E-D0F80482948E}
	EndGlobalSection
EndGlobal
