
Microsoft Visual Studio Solution File, Format Version 12.00
# Visual Studio Version 17
VisualStudioVersion = 17.3.32811.315
MinimumVisualStudioVersion = 10.0.40219.1
Project("{FAE04EC0-301F-11D3-BF4B-00C04F79EFBC}") = "Factorial", "Factorial.csproj", "{FB200822-C12B-4FE3-9275-9EDF8E392D5A}"
EndProject
Global
	GlobalSection(SolutionConfigurationPlatforms) = preSolution
		Debug|Any CPU = Debug|Any CPU
		Release|Any CPU = Release|Any CPU
	EndGlobalSection
	GlobalSection(ProjectConfigurationPlatforms) = postSolution
		{FB200822-C12B-4FE3-9275-9EDF8E392D5A}.Debug|Any CPU.ActiveCfg = Debug|Any CPU
		{FB200822-C12B-4FE3-9275-9EDF8E392D5A}.Debug|Any CPU.Build.0 = Debug|Any CPU
		{FB200822-C12B-4FE3-9275-9EDF8E392D5A}.Release|Any CPU.ActiveCfg = Release|Any CPU
		{FB200822-C12B-4FE3-9275-9EDF8E392D5A}.Release|Any CPU.Build.0 = Release|Any CPU
	EndGlobalSection
	GlobalSection(SolutionProperties) = preSolution
		HideSolutionNode = FALSE
	EndGlobalSection
	GlobalSection(ExtensibilityGlobals) = postSolution
		SolutionGuid = {38584086-AE01-4C62-9038-E2ABF27CAB02}
	EndGlobalSection
EndGlobal
