
Microsoft Visual Studio Solution File, Format Version 12.00
# Visual Studio Version 17
VisualStudioVersion = 17.3.32811.315
MinimumVisualStudioVersion = 10.0.40219.1
Project("{FAE04EC0-301F-11D3-BF4B-00C04F79EFBC}") = "HarmonicNumber", "HarmonicNumber.csproj", "{44F932D6-1100-4C84-826F-F0489016566A}"
EndProject
Global
	GlobalSection(SolutionConfigurationPlatforms) = preSolution
		Debug|Any CPU = Debug|Any CPU
		Release|Any CPU = Release|Any CPU
	EndGlobalSection
	GlobalSection(ProjectConfigurationPlatforms) = postSolution
		{44F932D6-1100-4C84-826F-F0489016566A}.Debug|Any CPU.ActiveCfg = Debug|Any CPU
		{44F932D6-1100-4C84-826F-F0489016566A}.Debug|Any CPU.Build.0 = Debug|Any CPU
		{44F932D6-1100-4C84-826F-F0489016566A}.Release|Any CPU.ActiveCfg = Release|Any CPU
		{44F932D6-1100-4C84-826F-F0489016566A}.Release|Any CPU.Build.0 = Release|Any CPU
	EndGlobalSection
	GlobalSection(SolutionProperties) = preSolution
		HideSolutionNode = FALSE
	EndGlobalSection
	GlobalSection(ExtensibilityGlobals) = postSolution
		SolutionGuid = {5065C6CF-50F6-49D2-B2BD-458183048A5B}
	EndGlobalSection
EndGlobal
